// !$*UTF8*$!
{
	archiveVersion = 1;
	classes = {
	};
	objectVersion = 56;
	objects = {

/* Begin PBXBuildFile section */
		A1000001 /* FlashTeXCompanionApp.swift in Sources */ = {isa = PBXBuildFile; fileRef = A2000001 /* FlashTeXCompanionApp.swift */; };
		A1000002 /* ContentView.swift in Sources */ = {isa = PBXBuildFile; fileRef = A2000002 /* ContentView.swift */; };
		A1000003 /* DrawingCanvasView.swift in Sources */ = {isa = PBXBuildFile; fileRef = A2000003 /* DrawingCanvasView.swift */; };
		A1000004 /* CameraCaptureView.swift in Sources */ = {isa = PBXBuildFile; fileRef = A2000004 /* CameraCaptureView.swift */; };
		A1000005 /* CapturePayload.swift in Sources */ = {isa = PBXBuildFile; fileRef = A2000005 /* CapturePayload.swift */; };
		A1000006 /* CaptureStore.swift in Sources */ = {isa = PBXBuildFile; fileRef = A2000006 /* CaptureStore.swift */; };
		A1000007 /* PayloadPreviewView.swift in Sources */ = {isa = PBXBuildFile; fileRef = A2000007 /* PayloadPreviewView.swift */; };
		A1000008 /* CaptureHistoryView.swift in Sources */ = {isa = PBXBuildFile; fileRef = A2000008 /* CaptureHistoryView.swift */; };
		A1000009 /* Assets.xcassets in Resources */ = {isa = PBXBuildFile; fileRef = A2000009 /* Assets.xcassets */; };
		A100000A /* CaptureTransport.swift in Sources */ = {isa = PBXBuildFile; fileRef = A200000B /* CaptureTransport.swift */; };
		A100000B /* SettingsView.swift in Sources */ = {isa = PBXBuildFile; fileRef = A200000C /* SettingsView.swift */; };
		A100000C /* ImageValidator.swift in Sources */ = {isa = PBXBuildFile; fileRef = A200000D /* ImageValidator.swift */; };
		A100000D /* BonjourTransport.swift in Sources */ = {isa = PBXBuildFile; fileRef = A200000E /* BonjourTransport.swift */; };
		A100000E /* CapturePayloadTests.swift in Sources */ = {isa = PBXBuildFile; fileRef = A2000011 /* CapturePayloadTests.swift */; };
		A100000F /* ImageValidatorTests.swift in Sources */ = {isa = PBXBuildFile; fileRef = A2000012 /* ImageValidatorTests.swift */; };
/* End PBXBuildFile section */

/* Begin PBXFileReference section */
		A2000001 /* FlashTeXCompanionApp.swift */ = {isa = PBXFileReference; lastKnownFileType = sourcecode.swift; path = FlashTeXCompanionApp.swift; sourceTree = "<group>"; };
		A2000002 /* ContentView.swift */ = {isa = PBXFileReference; lastKnownFileType = sourcecode.swift; path = ContentView.swift; sourceTree = "<group>"; };
		A2000003 /* DrawingCanvasView.swift */ = {isa = PBXFileReference; lastKnownFileType = sourcecode.swift; path = DrawingCanvasView.swift; sourceTree = "<group>"; };
		A2000004 /* CameraCaptureView.swift */ = {isa = PBXFileReference; lastKnownFileType = sourcecode.swift; path = CameraCaptureView.swift; sourceTree = "<group>"; };
		A2000005 /* CapturePayload.swift */ = {isa = PBXFileReference; lastKnownFileType = sourcecode.swift; path = CapturePayload.swift; sourceTree = "<group>"; };
		A2000006 /* CaptureStore.swift */ = {isa = PBXFileReference; lastKnownFileType = sourcecode.swift; path = CaptureStore.swift; sourceTree = "<group>"; };
		A2000007 /* PayloadPreviewView.swift */ = {isa = PBXFileReference; lastKnownFileType = sourcecode.swift; path = PayloadPreviewView.swift; sourceTree = "<group>"; };
		A2000008 /* CaptureHistoryView.swift */ = {isa = PBXFileReference; lastKnownFileType = sourcecode.swift; path = CaptureHistoryView.swift; sourceTree = "<group>"; };
		A2000009 /* Assets.xcassets */ = {isa = PBXFileReference; lastKnownFileType = folder.assetcatalog; path = Assets.xcassets; sourceTree = "<group>"; };
		A200000A /* Info.plist */ = {isa = PBXFileReference; lastKnownFileType = text.plist.xml; path = Info.plist; sourceTree = "<group>"; };
		A200000B /* CaptureTransport.swift */ = {isa = PBXFileReference; lastKnownFileType = sourcecode.swift; path = CaptureTransport.swift; sourceTree = "<group>"; };
		A200000C /* SettingsView.swift */ = {isa = PBXFileReference; lastKnownFileType = sourcecode.swift; path = SettingsView.swift; sourceTree = "<group>"; };
		A200000D /* ImageValidator.swift */ = {isa = PBXFileReference; lastKnownFileType = sourcecode.swift; path = ImageValidator.swift; sourceTree = "<group>"; };
		A200000E /* BonjourTransport.swift */ = {isa = PBXFileReference; lastKnownFileType = sourcecode.swift; path = BonjourTransport.swift; sourceTree = "<group>"; };
		A200000F /* FlashTeXCompanion.app */ = {isa = PBXFileReference; explicitFileType = wrapper.application; includeInIndex = 0; path = FlashTeXCompanion.app; sourceTree = BUILT_PRODUCTS_DIR; };
		A2000010 /* FlashTeXCompanionTests.xctest */ = {isa = PBXFileReference; explicitFileType = wrapper.cfbundle; includeInIndex = 0; path = FlashTeXCompanionTests.xctest; sourceTree = BUILT_PRODUCTS_DIR; };
		A2000011 /* CapturePayloadTests.swift */ = {isa = PBXFileReference; lastKnownFileType = sourcecode.swift; path = CapturePayloadTests.swift; sourceTree = "<group>"; };
		A2000012 /* ImageValidatorTests.swift */ = {isa = PBXFileReference; lastKnownFileType = sourcecode.swift; path = ImageValidatorTests.swift; sourceTree = "<group>"; };
/* End PBXFileReference section */

/* Begin PBXFrameworksBuildPhase section */
		A4000001 /* Frameworks */ = {
			isa = PBXFrameworksBuildPhase;
			buildActionMask = 2147483647;
			files = (
			);
			runOnlyForDeploymentPostprocessing = 0;
		};
		A4000002 /* Frameworks */ = {
			isa = PBXFrameworksBuildPhase;
			buildActionMask = 2147483647;
			files = (
			);
			runOnlyForDeploymentPostprocessing = 0;
		};
/* End PBXFrameworksBuildPhase section */

/* Begin PBXGroup section */
		A5000001 = {
			isa = PBXGroup;
			children = (
				A5000002 /* FlashTeXCompanion */,
				A5000007 /* FlashTeXCompanionTests */,
				A5000006 /* Products */,
			);
			sourceTree = "<group>";
		};
		A5000002 /* FlashTeXCompanion */ = {
			isa = PBXGroup;
			children = (
				A2000001 /* FlashTeXCompanionApp.swift */,
				A5000003 /* Views */,
				A5000004 /* Models */,
				A5000005 /* Services */,
				A2000009 /* Assets.xcassets */,
				A200000A /* Info.plist */,
			);
			path = FlashTeXCompanion;
			sourceTree = "<group>";
		};
		A5000003 /* Views */ = {
			isa = PBXGroup;
			children = (
				A2000002 /* ContentView.swift */,
				A2000003 /* DrawingCanvasView.swift */,
				A2000004 /* CameraCaptureView.swift */,
				A2000007 /* PayloadPreviewView.swift */,
				A2000008 /* CaptureHistoryView.swift */,
				A200000C /* SettingsView.swift */,
			);
			path = Views;
			sourceTree = "<group>";
		};
		A5000004 /* Models */ = {
			isa = PBXGroup;
			children = (
				A2000005 /* CapturePayload.swift */,
				A2000006 /* CaptureStore.swift */,
			);
			path = Models;
			sourceTree = "<group>";
		};
		A5000005 /* Services */ = {
			isa = PBXGroup;
			children = (
				A200000B /* CaptureTransport.swift */,
				A200000D /* ImageValidator.swift */,
				A200000E /* BonjourTransport.swift */,
			);
			path = Services;
			sourceTree = "<group>";
		};
		A5000006 /* Products */ = {
			isa = PBXGroup;
			children = (
				A200000F /* FlashTeXCompanion.app */,
				A2000010 /* FlashTeXCompanionTests.xctest */,
			);
			name = Products;
			sourceTree = "<group>";
		};
		A5000007 /* FlashTeXCompanionTests */ = {
			isa = PBXGroup;
			children = (
				A2000011 /* CapturePayloadTests.swift */,
				A2000012 /* ImageValidatorTests.swift */,
			);
			path = FlashTeXCompanionTests;
			sourceTree = "<group>";
		};
/* End PBXGroup section */

/* Begin PBXNativeTarget section */
		A6000001 /* FlashTeXCompanion */ = {
			isa = PBXNativeTarget;
			buildConfigurationList = A8000003 /* Build configuration list for PBXNativeTarget "FlashTeXCompanion" */;
			buildPhases = (
				A7000001 /* Sources */,
				A4000001 /* Frameworks */,
				A7000002 /* Resources */,
			);
			buildRules = (
			);
			dependencies = (
			);
			name = FlashTeXCompanion;
			productName = FlashTeXCompanion;
			productReference = A200000F /* FlashTeXCompanion.app */;
			productType = "com.apple.product-type.application";
		};
		A6000002 /* FlashTeXCompanionTests */ = {
			isa = PBXNativeTarget;
			buildConfigurationList = A8000009 /* Build configuration list for PBXNativeTarget "FlashTeXCompanionTests" */;
			buildPhases = (
				A7000003 /* Sources */,
				A4000002 /* Frameworks */,
			);
			buildRules = (
			);
			dependencies = (
				AB000001 /* PBXTargetDependency */,
			);
			name = FlashTeXCompanionTests;
			productName = FlashTeXCompanionTests;
			productReference = A2000010 /* FlashTeXCompanionTests.xctest */;
			productType = "com.apple.product-type.bundle.unit-test";
		};
/* End PBXNativeTarget section */

/* Begin PBXProject section */
		A9000001 /* Project object */ = {
			isa = PBXProject;
			attributes = {
				BuildIndependentTargetsInParallel = 1;
				LastSwiftUpdateCheck = 1600;
				LastUpgradeCheck = 1600;
				TargetAttributes = {
					A6000001 = {
						CreatedOnToolsVersion = 16.0;
					};
					A6000002 = {
						CreatedOnToolsVersion = 16.0;
						TestTargetID = A6000001;
					};
				};
			};
			buildConfigurationList = A8000001 /* Build configuration list for PBXProject "FlashTeXCompanion" */;
			compatibilityVersion = "Xcode 14.0";
			developmentRegion = en;
			hasScannedForEncodings = 0;
			knownRegions = (
				en,
				Base,
			);
			mainGroup = A5000001;
			productRefGroup = A5000006 /* Products */;
			projectDirPath = "";
			projectRoot = "";
			targets = (
				A6000001 /* FlashTeXCompanion */,
				A6000002 /* FlashTeXCompanionTests */,
			);
		};
/* End PBXProject section */

/* Begin PBXResourcesBuildPhase section */
		A7000002 /* Resources */ = {
			isa = PBXResourcesBuildPhase;
			buildActionMask = 2147483647;
			files = (
				A1000009 /* Assets.xcassets in Resources */,
			);
			runOnlyForDeploymentPostprocessing = 0;
		};
/* End PBXResourcesBuildPhase section */

/* Begin PBXSourcesBuildPhase section */
		A7000001 /* Sources */ = {
			isa = PBXSourcesBuildPhase;
			buildActionMask = 2147483647;
			files = (
				A1000001 /* FlashTeXCompanionApp.swift in Sources */,
				A1000002 /* ContentView.swift in Sources */,
				A1000003 /* DrawingCanvasView.swift in Sources */,
				A1000004 /* CameraCaptureView.swift in Sources */,
				A1000005 /* CapturePayload.swift in Sources */,
				A1000006 /* CaptureStore.swift in Sources */,
				A1000007 /* PayloadPreviewView.swift in Sources */,
				A1000008 /* CaptureHistoryView.swift in Sources */,
				A100000A /* CaptureTransport.swift in Sources */,
				A100000B /* SettingsView.swift in Sources */,
				A100000C /* ImageValidator.swift in Sources */,
				A100000D /* BonjourTransport.swift in Sources */,
			);
			runOnlyForDeploymentPostprocessing = 0;
		};
		A7000003 /* Sources */ = {
			isa = PBXSourcesBuildPhase;
			buildActionMask = 2147483647;
			files = (
				A100000E /* CapturePayloadTests.swift in Sources */,
				A100000F /* ImageValidatorTests.swift in Sources */,
			);
			runOnlyForDeploymentPostprocessing = 0;
		};
/* End PBXSourcesBuildPhase section */

/* Begin PBXTargetDependency section */
		AB000001 /* PBXTargetDependency */ = {
			isa = PBXTargetDependency;
			target = A6000001 /* FlashTeXCompanion */;
			targetProxy = AB000002 /* PBXContainerItemProxy */;
		};
/* End PBXTargetDependency section */

/* Begin PBXContainerItemProxy section */
		AB000002 /* PBXContainerItemProxy */ = {
			isa = PBXContainerItemProxy;
			containerPortal = A9000001 /* Project object */;
			proxyType = 1;
			remoteGlobalIDString = A6000001;
			remoteInfo = FlashTeXCompanion;
		};
/* End PBXContainerItemProxy section */

/* Begin XCBuildConfiguration section */
		A8000002 /* Debug */ = {
			isa = XCBuildConfiguration;
			buildSettings = {
				ALWAYS_SEARCH_USER_PATHS = NO;
				CLANG_ANALYZER_NONNULL = YES;
				CLANG_CXX_LANGUAGE_STANDARD = "gnu++20";
				CLANG_ENABLE_MODULES = YES;
				CLANG_ENABLE_OBJC_ARC = YES;
				COPY_PHASE_STRIP = NO;
				DEBUG_INFORMATION_FORMAT = dwarf;
				ENABLE_STRICT_OBJC_MSGSEND = YES;
				ENABLE_TESTABILITY = YES;
				GCC_DYNAMIC_NO_PIC = NO;
				GCC_OPTIMIZATION_LEVEL = 0;
				GCC_WARN_ABOUT_RETURN_TYPE = YES_ERROR;
				GCC_WARN_UNINITIALIZED_AUTOS = YES_AGGRESSIVE;
				IPHONEOS_DEPLOYMENT_TARGET = 17.0;
				MTL_ENABLE_DEBUG_INFO = INCLUDE_SOURCE;
				ONLY_ACTIVE_ARCH = YES;
				SDKROOT = iphoneos;
				SWIFT_ACTIVE_COMPILATION_CONDITIONS = "$(inherited) DEBUG";
				SWIFT_OPTIMIZATION_LEVEL = "-Onone";
			};
			name = Debug;
		};
		A8000004 /* Release */ = {
			isa = XCBuildConfiguration;
			buildSettings = {
				ALWAYS_SEARCH_USER_PATHS = NO;
				CLANG_ANALYZER_NONNULL = YES;
				CLANG_CXX_LANGUAGE_STANDARD = "gnu++20";
				CLANG_ENABLE_MODULES = YES;
				CLANG_ENABLE_OBJC_ARC = YES;
				COPY_PHASE_STRIP = NO;
				DEBUG_INFORMATION_FORMAT = "dwarf-with-dsym";
				ENABLE_NS_ASSERTIONS = NO;
				ENABLE_STRICT_OBJC_MSGSEND = YES;
				GCC_WARN_ABOUT_RETURN_TYPE = YES_ERROR;
				GCC_WARN_UNINITIALIZED_AUTOS = YES_AGGRESSIVE;
				IPHONEOS_DEPLOYMENT_TARGET = 17.0;
				SDKROOT = iphoneos;
				SWIFT_COMPILATION_MODE = wholemodule;
				VALIDATE_PRODUCT = YES;
			};
			name = Release;
		};
		A8000005 /* Debug */ = {
			isa = XCBuildConfiguration;
			buildSettings = {
				ASSETCATALOG_COMPILER_APPICON_NAME = AppIcon;
				CODE_SIGN_STYLE = Automatic;
				CURRENT_PROJECT_VERSION = 1;
				DEVELOPMENT_TEAM = "";
				ENABLE_TESTABILITY = YES;
				GENERATE_INFOPLIST_FILE = YES;
				INFOPLIST_FILE = FlashTeXCompanion/Info.plist;
				INFOPLIST_KEY_CFBundleDisplayName = "FlashTeX Companion";
				INFOPLIST_KEY_UIApplicationSceneManifest_Generation = YES;
				INFOPLIST_KEY_UIApplicationSupportsIndirectInputEvents = YES;
				INFOPLIST_KEY_UILaunchScreen_Generation = YES;
				INFOPLIST_KEY_UISupportedInterfaceOrientations_iPad = "UIInterfaceOrientationPortrait UIInterfaceOrientationPortraitUpsideDown UIInterfaceOrientationLandscapeLeft UIInterfaceOrientationLandscapeRight";
				LD_RUNPATH_SEARCH_PATHS = (
					"$(inherited)",
					"@executable_path/Frameworks",
				);
				MARKETING_VERSION = 0.1.0;
				PRODUCT_BUNDLE_IDENTIFIER = com.flashtex.companion;
				PRODUCT_NAME = "$(TARGET_NAME)";
				SUPPORTED_PLATFORMS = "iphoneos iphonesimulator";
				SUPPORTS_MACCATALYST = NO;
				SWIFT_EMIT_LOC_STRINGS = YES;
				SWIFT_VERSION = 5.0;
				TARGETED_DEVICE_FAMILY = "1,2";
			};
			name = Debug;
		};
		A8000006 /* Release */ = {
			isa = XCBuildConfiguration;
			buildSettings = {
				ASSETCATALOG_COMPILER_APPICON_NAME = AppIcon;
				CODE_SIGN_STYLE = Automatic;
				CURRENT_PROJECT_VERSION = 1;
				DEVELOPMENT_TEAM = "";
				GENERATE_INFOPLIST_FILE = YES;
				INFOPLIST_FILE = FlashTeXCompanion/Info.plist;
				INFOPLIST_KEY_CFBundleDisplayName = "FlashTeX Companion";
				INFOPLIST_KEY_UIApplicationSceneManifest_Generation = YES;
				INFOPLIST_KEY_UIApplicationSupportsIndirectInputEvents = YES;
				INFOPLIST_KEY_UILaunchScreen_Generation = YES;
				INFOPLIST_KEY_UISupportedInterfaceOrientations_iPad = "UIInterfaceOrientationPortrait UIInterfaceOrientationPortraitUpsideDown UIInterfaceOrientationLandscapeLeft UIInterfaceOrientationLandscapeRight";
				LD_RUNPATH_SEARCH_PATHS = (
					"$(inherited)",
					"@executable_path/Frameworks",
				);
				MARKETING_VERSION = 0.1.0;
				PRODUCT_BUNDLE_IDENTIFIER = com.flashtex.companion;
				PRODUCT_NAME = "$(TARGET_NAME)";
				SUPPORTED_PLATFORMS = "iphoneos iphonesimulator";
				SUPPORTS_MACCATALYST = NO;
				SWIFT_EMIT_LOC_STRINGS = YES;
				SWIFT_VERSION = 5.0;
				TARGETED_DEVICE_FAMILY = "1,2";
			};
			name = Release;
		};
		A8000007 /* Debug */ = {
			isa = XCBuildConfiguration;
			buildSettings = {
				BUNDLE_LOADER = "$(TEST_HOST)";
				CODE_SIGN_STYLE = Automatic;
				CURRENT_PROJECT_VERSION = 1;
				DEVELOPMENT_TEAM = "";
				GENERATE_INFOPLIST_FILE = YES;
				IPHONEOS_DEPLOYMENT_TARGET = 17.0;
				PRODUCT_BUNDLE_IDENTIFIER = com.flashtex.companion.tests;
				PRODUCT_NAME = "$(TARGET_NAME)";
				SDKROOT = iphoneos;
				SUPPORTED_PLATFORMS = "iphoneos iphonesimulator";
				SWIFT_VERSION = 5.0;
				TARGETED_DEVICE_FAMILY = "1,2";
				TEST_HOST = "$(BUILT_PRODUCTS_DIR)/FlashTeXCompanion.app/$(BUNDLE_EXECUTABLE_FOLDER_PATH)/FlashTeXCompanion";
			};
			name = Debug;
		};
		A8000008 /* Release */ = {
			isa = XCBuildConfiguration;
			buildSettings = {
				BUNDLE_LOADER = "$(TEST_HOST)";
				CODE_SIGN_STYLE = Automatic;
				CURRENT_PROJECT_VERSION = 1;
				DEVELOPMENT_TEAM = "";
				GENERATE_INFOPLIST_FILE = YES;
				IPHONEOS_DEPLOYMENT_TARGET = 17.0;
				PRODUCT_BUNDLE_IDENTIFIER = com.flashtex.companion.tests;
				PRODUCT_NAME = "$(TARGET_NAME)";
				SDKROOT = iphoneos;
				SUPPORTED_PLATFORMS = "iphoneos iphonesimulator";
				SWIFT_VERSION = 5.0;
				TARGETED_DEVICE_FAMILY = "1,2";
				TEST_HOST = "$(BUILT_PRODUCTS_DIR)/FlashTeXCompanion.app/$(BUNDLE_EXECUTABLE_FOLDER_PATH)/FlashTeXCompanion";
			};
			name = Release;
		};
/* End XCBuildConfiguration section */

/* Begin XCConfigurationList section */
		A8000001 /* Build configuration list for PBXProject "FlashTeXCompanion" */ = {
			isa = XCConfigurationList;
			buildConfigurations = (
				A8000002 /* Debug */,
				A8000004 /* Release */,
			);
			defaultConfigurationIsVisible = 0;
			defaultConfigurationName = Release;
		};
		A8000003 /* Build configuration list for PBXNativeTarget "FlashTeXCompanion" */ = {
			isa = XCConfigurationList;
			buildConfigurations = (
				A8000005 /* Debug */,
				A8000006 /* Release */,
			);
			defaultConfigurationIsVisible = 0;
			defaultConfigurationName = Release;
		};
		A8000009 /* Build configuration list for PBXNativeTarget "FlashTeXCompanionTests" */ = {
			isa = XCConfigurationList;
			buildConfigurations = (
				A8000007 /* Debug */,
				A8000008 /* Release */,
			);
			defaultConfigurationIsVisible = 0;
			defaultConfigurationName = Release;
		};
/* End XCConfigurationList section */
	};
	rootObject = A9000001 /* Project object */;
}
