# This file is automatically @generated by Cargo.
# It is not intended for manual editing.
version = 4

[[package]]
name = "flashtex-document-style"
version = "0.1.0"

[[package]]
name = "flashtex-font-engine"
version = "0.1.0"

[[package]]
name = "flashtex-paragraph-layout"
version = "0.1.0"
dependencies = [
 "flashtex-document-style",
 "flashtex-font-engine",
]
